
Microsoft Visual Studio Solution File, Format Version 12.00
# Visual Studio 15
VisualStudioVersion = 15.0.28307.1022
MinimumVisualStudioVersion = 10.0.40219.1
Project("{FAE04EC0-301F-11D3-BF4B-00C04F79EFBC}") = "BestPractices", "BestPractices\BestPractices.csproj", "{AF4D2EFB-87AD-4176-A859-116CEDA05876}"
EndProject
Project("{FAE04EC0-301F-11D3-BF4B-00C04F79EFBC}") = "TestsProject", "TestsProject\TestsProject.csproj", "{CC12EC8B-EB87-442C-8188-F3BBB0896325}"
EndProject
Project("{FAE04EC0-301F-11D3-BF4B-00C04F79EFBC}") = "BestPractices.Common", "BestPractices.Common\BestPractices.Common.csproj", "{C9920622-CE8A-4BEF-A090-49B4E7EDDEE4}"
EndProject
Global
	GlobalSection(SolutionConfigurationPlatforms) = preSolution
		Debug|Any CPU = Debug|Any CPU
		Release|Any CPU = Release|Any CPU
	EndGlobalSection
	GlobalSection(ProjectConfigurationPlatforms) = postSolution
		{AF4D2EFB-87AD-4176-A859-116CEDA05876}.Debug|Any CPU.ActiveCfg = Debug|Any CPU
		{AF4D2EFB-87AD-4176-A859-116CEDA05876}.Debug|Any CPU.Build.0 = Debug|Any CPU
		{AF4D2EFB-87AD-4176-A859-116CEDA05876}.Release|Any CPU.ActiveCfg = Release|Any CPU
		{AF4D2EFB-87AD-4176-A859-116CEDA05876}.Release|Any CPU.Build.0 = Release|Any CPU
		{CC12EC8B-EB87-442C-8188-F3BBB0896325}.Debug|Any CPU.ActiveCfg = Debug|Any CPU
		{CC12EC8B-EB87-442C-8188-F3BBB0896325}.Debug|Any CPU.Build.0 = Debug|Any CPU
		{CC12EC8B-EB87-442C-8188-F3BBB0896325}.Release|Any CPU.ActiveCfg = Release|Any CPU
		{CC12EC8B-EB87-442C-8188-F3BBB0896325}.Release|Any CPU.Build.0 = Release|Any CPU
		{C9920622-CE8A-4BEF-A090-49B4E7EDDEE4}.Debug|Any CPU.ActiveCfg = Debug|Any CPU
		{C9920622-CE8A-4BEF-A090-49B4E7EDDEE4}.Debug|Any CPU.Build.0 = Debug|Any CPU
		{C9920622-CE8A-4BEF-A090-49B4E7EDDEE4}.Release|Any CPU.ActiveCfg = Release|Any CPU
		{C9920622-CE8A-4BEF-A090-49B4E7EDDEE4}.Release|Any CPU.Build.0 = Release|Any CPU
	EndGlobalSection
	GlobalSection(SolutionProperties) = preSolution
		HideSolutionNode = FALSE
	EndGlobalSection
	GlobalSection(ExtensibilityGlobals) = postSolution
		SolutionGuid = {F4FFB37B-C203-4452-8FAB-003F9541246F}
	EndGlobalSection
EndGlobal
